
Microsoft Visual Studio Solution File, Format Version 12.00
# Visual Studio 15
VisualStudioVersion = 15.0.28010.2003
MinimumVisualStudioVersion = 10.0.40219.1
Project("{FAE04EC0-301F-11D3-BF4B-00C04F79EFBC}") = "Demo-Azure-Web-App-Slots", "Demo-Azure-Web-App-Slots\Demo-Azure-Web-App-Slots.csproj", "{2D5341E3-79B0-495A-A3A0-DA44DA10B864}"
EndProject
Global
	GlobalSection(SolutionConfigurationPlatforms) = preSolution
		Debug|Any CPU = Debug|Any CPU
		Release|Any CPU = Release|Any CPU
	EndGlobalSection
	GlobalSection(ProjectConfigurationPlatforms) = postSolution
		{2D5341E3-79B0-495A-A3A0-DA44DA10B864}.Debug|Any CPU.ActiveCfg = Debug|Any CPU
		{2D5341E3-79B0-495A-A3A0-DA44DA10B864}.Debug|Any CPU.Build.0 = Debug|Any CPU
		{2D5341E3-79B0-495A-A3A0-DA44DA10B864}.Release|Any CPU.ActiveCfg = Release|Any CPU
		{2D5341E3-79B0-495A-A3A0-DA44DA10B864}.Release|Any CPU.Build.0 = Release|Any CPU
	EndGlobalSection
	GlobalSection(SolutionProperties) = preSolution
		HideSolutionNode = FALSE
	EndGlobalSection
	GlobalSection(ExtensibilityGlobals) = postSolution
		SolutionGuid = {70FBE4E8-89B3-47AD-AAC3-0D56633DF4B2}
	EndGlobalSection
EndGlobal
